// !$*UTF8*$!
{
	archiveVersion = 1;
	classes = {
	};
	objectVersion = 46;
	objects = {

/* Begin PBXBuildFile section */
		63BAE6081C8928D4009D1651 /* main.swift in Sources */ = {isa = PBXBuildFile; fileRef = 63BAE6071C8928D4009D1651 /* main.swift */; };
		63BAE6111C898FAB009D1651 /* PrintMyInfo.swift in Sources */ = {isa = PBXBuildFile; fileRef = 63BAE6101C898FAB009D1651 /* PrintMyInfo.swift */; };
/* End PBXBuildFile section */

/* Begin PBXCopyFilesBuildPhase section */
		63BAE6021C8928D4009D1651 /* CopyFiles */ = {
			isa = PBXCopyFilesBuildPhase;
			buildActionMask = 2147483647;
			dstPath = /usr/share/man/man1/;
			dstSubfolderSpec = 0;
			files = (
			);
			runOnlyForDeploymentPostprocessing = 1;
		};
/* End PBXCopyFilesBuildPhase section */

/* Begin PBXFileReference section */
		63BAE6041C8928D4009D1651 /* NSStringExtensionSplit */ = {isa = PBXFileReference; explicitFileType = "compiled.mach-o.executable"; includeInIndex = 0; path = NSStringExtensionSplit; sourceTree = BUILT_PRODUCTS_DIR; };
		63BAE6071C8928D4009D1651 /* main.swift */ = {isa = PBXFileReference; lastKnownFileType = sourcecode.swift; path = main.swift; sourceTree = "<group>"; };
		63BAE6101C898FAB009D1651 /* PrintMyInfo.swift */ = {isa = PBXFileReference; fileEncoding = 4; lastKnownFileType = sourcecode.swift; path = PrintMyInfo.swift; sourceTree = "<group>"; };
/* End PBXFileReference section */

/* Begin PBXFrameworksBuildPhase section */
		63BAE6011C8928D4009D1651 /* Frameworks */ = {
			isa = PBXFrameworksBuildPhase;
			buildActionMask = 2147483647;
			files = (
			);
			runOnlyForDeploymentPostprocessing = 0;
		};
/* End PBXFrameworksBuildPhase section */

/* Begin PBXGroup section */
		63BAE5FB1C8928D4009D1651 = {
			isa = PBXGroup;
			children = (
				63BAE6061C8928D4009D1651 /* NSStringExtensionSplit */,
				63BAE6051C8928D4009D1651 /* Products */,
			);
			sourceTree = "<group>";
		};
		63BAE6051C8928D4009D1651 /* Products */ = {
			isa = PBXGroup;
			children = (
				63BAE6041C8928D4009D1651 /* NSStringExtensionSplit */,
			);
			name = Products;
			sourceTree = "<group>";
		};
		63BAE6061C8928D4009D1651 /* NSStringExtensionSplit */ = {
			isa = PBXGroup;
			children = (
				63BAE6071C8928D4009D1651 /* main.swift */,
				63BAE6101C898FAB009D1651 /* PrintMyInfo.swift */,
			);
			path = NSStringExtensionSplit;
			sourceTree = "<group>";
		};
/* End PBXGroup section */

/* Begin PBXNativeTarget section */
		63BAE6031C8928D4009D1651 /* NSStringExtensionSplit */ = {
			isa = PBXNativeTarget;
			buildConfigurationList = 63BAE60B1C8928D4009D1651 /* Build configuration list for PBXNativeTarget "NSStringExtensionSplit" */;
			buildPhases = (
				63BAE6001C8928D4009D1651 /* Sources */,
				63BAE6011C8928D4009D1651 /* Frameworks */,
				63BAE6021C8928D4009D1651 /* CopyFiles */,
			);
			buildRules = (
			);
			dependencies = (
			);
			name = NSStringExtensionSplit;
			productName = NSStringExtensionSplit;
			productReference = 63BAE6041C8928D4009D1651 /* NSStringExtensionSplit */;
			productType = "com.apple.product-type.tool";
		};
/* End PBXNativeTarget section */

/* Begin PBXProject section */
		63BAE5FC1C8928D4009D1651 /* Project object */ = {
			isa = PBXProject;
			attributes = {
				LastSwiftUpdateCheck = 0720;
				LastUpgradeCheck = 0720;
				ORGANIZATIONNAME = shenzhou;
				TargetAttributes = {
					63BAE6031C8928D4009D1651 = {
						CreatedOnToolsVersion = 7.2.1;
					};
				};
			};
			buildConfigurationList = 63BAE5FF1C8928D4009D1651 /* Build configuration list for PBXProject "NSStringExtensionSplit" */;
			compatibilityVersion = "Xcode 3.2";
			developmentRegion = English;
			hasScannedForEncodings = 0;
			knownRegions = (
				en,
			);
			mainGroup = 63BAE5FB1C8928D4009D1651;
			productRefGroup = 63BAE6051C8928D4009D1651 /* Products */;
			projectDirPath = "";
			projectRoot = "";
			targets = (
				63BAE6031C8928D4009D1651 /* NSStringExtensionSplit */,
			);
		};
/* End PBXProject section */

/* Begin PBXSourcesBuildPhase section */
		63BAE6001C8928D4009D1651 /* Sources */ = {
			isa = PBXSourcesBuildPhase;
			buildActionMask = 2147483647;
			files = (
				63BAE6081C8928D4009D1651 /* main.swift in Sources */,
				63BAE6111C898FAB009D1651 /* PrintMyInfo.swift in Sources */,
			);
			runOnlyForDeploymentPostprocessing = 0;
		};
/* End PBXSourcesBuildPhase section */

/* Begin XCBuildConfiguration section */
		63BAE6091C8928D4009D1651 /* Debug */ = {
			isa = XCBuildConfiguration;
			buildSettings = {
				ALWAYS_SEARCH_USER_PATHS = NO;
				CLANG_CXX_LANGUAGE_STANDARD = "gnu++0x";
				CLANG_CXX_LIBRARY = "libc++";
				CLANG_ENABLE_MODULES = YES;
				CLANG_ENABLE_OBJC_ARC = YES;
				CLANG_WARN_BOOL_CONVERSION = YES;
				CLANG_WARN_CONSTANT_CONVERSION = YES;
				CLANG_WARN_DIRECT_OBJC_ISA_USAGE = YES_ERROR;
				CLANG_WARN_EMPTY_BODY = YES;
				CLANG_WARN_ENUM_CONVERSION = YES;
				CLANG_WARN_INT_CONVERSION = YES;
				CLANG_WARN_OBJC_ROOT_CLASS = YES_ERROR;
				CLANG_WARN_UNREACHABLE_CODE = YES;
				CLANG_WARN__DUPLICATE_METHOD_MATCH = YES;
				CODE_SIGN_IDENTITY = "-";
				COPY_PHASE_STRIP = NO;
				DEBUG_INFORMATION_FORMAT = dwarf;
				ENABLE_STRICT_OBJC_MSGSEND = YES;
				ENABLE_TESTABILITY = YES;
				GCC_C_LANGUAGE_STANDARD = gnu99;
				GCC_DYNAMIC_NO_PIC = NO;
				GCC_NO_COMMON_BLOCKS = YES;
				GCC_OPTIMIZATION_LEVEL = 0;
				GCC_PREPROCESSOR_DEFINITIONS = (
					"DEBUG=1",
					"$(inherited)",
				);
				GCC_WARN_64_TO_32_BIT_CONVERSION = YES;
				GCC_WARN_ABOUT_RETURN_TYPE = YES_ERROR;
				GCC_WARN_UNDECLARED_SELECTOR = YES;
				GCC_WARN_UNINITIALIZED_AUTOS = YES_AGGRESSIVE;
				GCC_WARN_UNUSED_FUNCTION = YES;
				GCC_WARN_UNUSED_VARIABLE = YES;
				MACOSX_DEPLOYMENT_TARGET = 10.11;
				MTL_ENABLE_DEBUG_INFO = YES;
				ONLY_ACTIVE_ARCH = YES;
				SDKROOT = macosx;
				SWIFT_OPTIMIZATION_LEVEL = "-Onone";
			};
			name = Debug;
		};
		63BAE60A1C8928D4009D1651 /* Release */ = {
			isa = XCBuildConfiguration;
			buildSettings = {
				ALWAYS_SEARCH_USER_PATHS = NO;
				CLANG_CXX_LANGUAGE_STANDARD = "gnu++0x";
				CLANG_CXX_LIBRARY = "libc++";
				CLANG_ENABLE_MODULES = YES;
				CLANG_ENABLE_OBJC_ARC = YES;
				CLANG_WARN_BOOL_CONVERSION = YES;
				CLANG_WARN_CONSTANT_CONVERSION = YES;
				CLANG_WARN_DIRECT_OBJC_ISA_USAGE = YES_ERROR;
				CLANG_WARN_EMPTY_BODY = YES;
				CLANG_WARN_ENUM_CONVERSION = YES;
				CLANG_WARN_INT_CONVERSION = YES;
				CLANG_WARN_OBJC_ROOT_CLASS = YES_ERROR;
				CLANG_WARN_UNREACHABLE_CODE = YES;
				CLANG_WARN__DUPLICATE_METHOD_MATCH = YES;
				CODE_SIGN_IDENTITY = "-";
				COPY_PHASE_STRIP = NO;
				DEBUG_INFORMATION_FORMAT = "dwarf-with-dsym";
				ENABLE_NS_ASSERTIONS = NO;
				ENABLE_STRICT_OBJC_MSGSEND = YES;
				GCC_C_LANGUAGE_STANDARD = gnu99;
				GCC_NO_COMMON_BLOCKS = YES;
				GCC_WARN_64_TO_32_BIT_CONVERSION = YES;
				GCC_WARN_ABOUT_RETURN_TYPE = YES_ERROR;
				GCC_WARN_UNDECLARED_SELECTOR = YES;
				GCC_WARN_UNINITIALIZED_AUTOS = YES_AGGRESSIVE;
				GCC_WARN_UNUSED_FUNCTION = YES;
				GCC_WARN_UNUSED_VARIABLE = YES;
				MACOSX_DEPLOYMENT_TARGET = 10.11;
				MTL_ENABLE_DEBUG_INFO = NO;
				SDKROOT = macosx;
			};
			name = Release;
		};
		63BAE60C1C8928D4009D1651 /* Debug */ = {
			isa = XCBuildConfiguration;
			buildSettings = {
				PRODUCT_NAME = "$(TARGET_NAME)";
			};
			name = Debug;
		};
		63BAE60D1C8928D4009D1651 /* Release */ = {
			isa = XCBuildConfiguration;
			buildSettings = {
				PRODUCT_NAME = "$(TARGET_NAME)";
			};
			name = Release;
		};
/* End XCBuildConfiguration section */

/* Begin XCConfigurationList section */
		63BAE5FF1C8928D4009D1651 /* Build configuration list for PBXProject "NSStringExtensionSplit" */ = {
			isa = XCConfigurationList;
			buildConfigurations = (
				63BAE6091C8928D4009D1651 /* Debug */,
				63BAE60A1C8928D4009D1651 /* Release */,
			);
			defaultConfigurationIsVisible = 0;
			defaultConfigurationName = Release;
		};
		63BAE60B1C8928D4009D1651 /* Build configuration list for PBXNativeTarget "NSStringExtensionSplit" */ = {
			isa = XCConfigurationList;
			buildConfigurations = (
				63BAE60C1C8928D4009D1651 /* Debug */,
				63BAE60D1C8928D4009D1651 /* Release */,
			);
			defaultConfigurationIsVisible = 0;
			defaultConfigurationName = Release;
		};
/* End XCConfigurationList section */
	};
	rootObject = 63BAE5FC1C8928D4009D1651 /* Project object */;
}
